// !$*UTF8*$!
{
	archiveVersion = 1;
	classes = {
	};
	objectVersion = 46;
	objects = {

/* Begin PBXBuildFile section */
		B245D4AD1C5810E4008CC42B /* Images.xcassets in Resources */ = {isa = PBXBuildFile; fileRef = B245D4AC1C5810E4008CC42B /* Images.xcassets */; };
		B25B6D691C16143F00B3CCF7 /* SCCustomizableButton.m in Sources */ = {isa = PBXBuildFile; fileRef = B25B6D681C16143F00B3CCF7 /* SCCustomizableButton.m */; };
		B25B6D6C1C16150000B3CCF7 /* SCWelcomeViewController.m in Sources */ = {isa = PBXBuildFile; fileRef = B25B6D6B1C16150000B3CCF7 /* SCWelcomeViewController.m */; };
		B25B6D731C176B4100B3CCF7 /* UIColor+Hex.m in Sources */ = {isa = PBXBuildFile; fileRef = B25B6D721C176B4100B3CCF7 /* UIColor+Hex.m */; };
		B25F96161C5809B50066E89E /* SCPrimerViewController.m in Sources */ = {isa = PBXBuildFile; fileRef = B25F96151C5809B50066E89E /* SCPrimerViewController.m */; };
		B25F96191C5809BE0066E89E /* SCPrimerCollectionViewCell.m in Sources */ = {isa = PBXBuildFile; fileRef = B25F96181C5809BE0066E89E /* SCPrimerCollectionViewCell.m */; };
		B2E5D4341BB00D510003E76E /* main.m in Sources */ = {isa = PBXBuildFile; fileRef = B2E5D4331BB00D510003E76E /* main.m */; };
		B2E5D4371BB00D510003E76E /* AppDelegate.m in Sources */ = {isa = PBXBuildFile; fileRef = B2E5D4361BB00D510003E76E /* AppDelegate.m */; };
		B2E5D43D1BB00D510003E76E /* Main.storyboard in Resources */ = {isa = PBXBuildFile; fileRef = B2E5D43B1BB00D510003E76E /* Main.storyboard */; };
		B2E5D4421BB00D510003E76E /* LaunchScreen.xib in Resources */ = {isa = PBXBuildFile; fileRef = B2E5D4401BB00D510003E76E /* LaunchScreen.xib */; };
		B2E5D45F1BB00E5F0003E76E /* SCCornerViewController.m in Sources */ = {isa = PBXBuildFile; fileRef = B2E5D45E1BB00E5F0003E76E /* SCCornerViewController.m */; };
		B2E5D4621BB00F1F0003E76E /* StickCollectionViewFlowLayout.m in Sources */ = {isa = PBXBuildFile; fileRef = B2E5D4611BB00F1F0003E76E /* StickCollectionViewFlowLayout.m */; };
		B2E5D4661BB027C10003E76E /* SCCornerCollectionViewCell.m in Sources */ = {isa = PBXBuildFile; fileRef = B2E5D4651BB027C10003E76E /* SCCornerCollectionViewCell.m */; };
/* End PBXBuildFile section */

/* Begin PBXFileReference section */
		B245D4AC1C5810E4008CC42B /* Images.xcassets */ = {isa = PBXFileReference; lastKnownFileType = folder.assetcatalog; path = Images.xcassets; sourceTree = "<group>"; };
		B25B6D671C16143F00B3CCF7 /* SCCustomizableButton.h */ = {isa = PBXFileReference; fileEncoding = 4; lastKnownFileType = sourcecode.c.h; path = SCCustomizableButton.h; sourceTree = "<group>"; };
		B25B6D681C16143F00B3CCF7 /* SCCustomizableButton.m */ = {isa = PBXFileReference; fileEncoding = 4; lastKnownFileType = sourcecode.c.objc; path = SCCustomizableButton.m; sourceTree = "<group>"; };
		B25B6D6A1C16150000B3CCF7 /* SCWelcomeViewController.h */ = {isa = PBXFileReference; fileEncoding = 4; lastKnownFileType = sourcecode.c.h; path = SCWelcomeViewController.h; sourceTree = "<group>"; };
		B25B6D6B1C16150000B3CCF7 /* SCWelcomeViewController.m */ = {isa = PBXFileReference; fileEncoding = 4; lastKnownFileType = sourcecode.c.objc; path = SCWelcomeViewController.m; sourceTree = "<group>"; };
		B25B6D711C176B4100B3CCF7 /* UIColor+Hex.h */ = {isa = PBXFileReference; fileEncoding = 4; lastKnownFileType = sourcecode.c.h; path = "UIColor+Hex.h"; sourceTree = "<group>"; };
		B25B6D721C176B4100B3CCF7 /* UIColor+Hex.m */ = {isa = PBXFileReference; fileEncoding = 4; lastKnownFileType = sourcecode.c.objc; path = "UIColor+Hex.m"; sourceTree = "<group>"; };
		B25F96141C5809B50066E89E /* SCPrimerViewController.h */ = {isa = PBXFileReference; fileEncoding = 4; lastKnownFileType = sourcecode.c.h; path = SCPrimerViewController.h; sourceTree = "<group>"; };
		B25F96151C5809B50066E89E /* SCPrimerViewController.m */ = {isa = PBXFileReference; fileEncoding = 4; lastKnownFileType = sourcecode.c.objc; path = SCPrimerViewController.m; sourceTree = "<group>"; };
		B25F96171C5809BE0066E89E /* SCPrimerCollectionViewCell.h */ = {isa = PBXFileReference; fileEncoding = 4; lastKnownFileType = sourcecode.c.h; path = SCPrimerCollectionViewCell.h; sourceTree = "<group>"; };
		B25F96181C5809BE0066E89E /* SCPrimerCollectionViewCell.m */ = {isa = PBXFileReference; fileEncoding = 4; lastKnownFileType = sourcecode.c.objc; path = SCPrimerCollectionViewCell.m; sourceTree = "<group>"; };
		B2E5D42E1BB00D510003E76E /* StickyCollectionView.app */ = {isa = PBXFileReference; explicitFileType = wrapper.application; includeInIndex = 0; path = StickyCollectionView.app; sourceTree = BUILT_PRODUCTS_DIR; };
		B2E5D4321BB00D510003E76E /* Info.plist */ = {isa = PBXFileReference; lastKnownFileType = text.plist.xml; path = Info.plist; sourceTree = "<group>"; };
		B2E5D4331BB00D510003E76E /* main.m */ = {isa = PBXFileReference; lastKnownFileType = sourcecode.c.objc; path = main.m; sourceTree = "<group>"; };
		B2E5D4351BB00D510003E76E /* AppDelegate.h */ = {isa = PBXFileReference; lastKnownFileType = sourcecode.c.h; name = AppDelegate.h; path = StickCollectionView/App/AppDelegate.h; sourceTree = SOURCE_ROOT; };
		B2E5D4361BB00D510003E76E /* AppDelegate.m */ = {isa = PBXFileReference; lastKnownFileType = sourcecode.c.objc; name = AppDelegate.m; path = StickCollectionView/App/AppDelegate.m; sourceTree = SOURCE_ROOT; };
		B2E5D43C1BB00D510003E76E /* Base */ = {isa = PBXFileReference; lastKnownFileType = file.storyboard; name = Base; path = Base.lproj/Main.storyboard; sourceTree = "<group>"; };
		B2E5D4411BB00D510003E76E /* Base */ = {isa = PBXFileReference; lastKnownFileType = file.xib; name = Base; path = Base.lproj/LaunchScreen.xib; sourceTree = "<group>"; };
		B2E5D45D1BB00E5F0003E76E /* SCCornerViewController.h */ = {isa = PBXFileReference; fileEncoding = 4; lastKnownFileType = sourcecode.c.h; path = SCCornerViewController.h; sourceTree = "<group>"; };
		B2E5D45E1BB00E5F0003E76E /* SCCornerViewController.m */ = {isa = PBXFileReference; fileEncoding = 4; lastKnownFileType = sourcecode.c.objc; path = SCCornerViewController.m; sourceTree = "<group>"; };
		B2E5D4601BB00F1F0003E76E /* StickCollectionViewFlowLayout.h */ = {isa = PBXFileReference; fileEncoding = 4; lastKnownFileType = sourcecode.c.h; path = StickCollectionViewFlowLayout.h; sourceTree = "<group>"; };
		B2E5D4611BB00F1F0003E76E /* StickCollectionViewFlowLayout.m */ = {isa = PBXFileReference; fileEncoding = 4; lastKnownFileType = sourcecode.c.objc; path = StickCollectionViewFlowLayout.m; sourceTree = "<group>"; };
		B2E5D4641BB027C10003E76E /* SCCornerCollectionViewCell.h */ = {isa = PBXFileReference; fileEncoding = 4; lastKnownFileType = sourcecode.c.h; path = SCCornerCollectionViewCell.h; sourceTree = "<group>"; };
		B2E5D4651BB027C10003E76E /* SCCornerCollectionViewCell.m */ = {isa = PBXFileReference; fileEncoding = 4; lastKnownFileType = sourcecode.c.objc; path = SCCornerCollectionViewCell.m; sourceTree = "<group>"; };
/* End PBXFileReference section */

/* Begin PBXFrameworksBuildPhase section */
		B2E5D42B1BB00D510003E76E /* Frameworks */ = {
			isa = PBXFrameworksBuildPhase;
			buildActionMask = 2147483647;
			files = (
			);
			runOnlyForDeploymentPostprocessing = 0;
		};
/* End PBXFrameworksBuildPhase section */

/* Begin PBXGroup section */
		B25B6D6D1C176AE300B3CCF7 /* Helpers */ = {
			isa = PBXGroup;
			children = (
				B25B6D711C176B4100B3CCF7 /* UIColor+Hex.h */,
				B25B6D721C176B4100B3CCF7 /* UIColor+Hex.m */,
			);
			path = Helpers;
			sourceTree = "<group>";
		};
		B2AC521B1C16125D0076AC63 /* Views */ = {
			isa = PBXGroup;
			children = (
				B25B6D671C16143F00B3CCF7 /* SCCustomizableButton.h */,
				B25B6D681C16143F00B3CCF7 /* SCCustomizableButton.m */,
			);
			path = Views;
			sourceTree = "<group>";
		};
		B2AC521C1C1612800076AC63 /* ViewControllers */ = {
			isa = PBXGroup;
			children = (
				B2AC521D1C1613080076AC63 /* Cells */,
				B2E5D45D1BB00E5F0003E76E /* SCCornerViewController.h */,
				B2E5D45E1BB00E5F0003E76E /* SCCornerViewController.m */,
				B25F96141C5809B50066E89E /* SCPrimerViewController.h */,
				B25F96151C5809B50066E89E /* SCPrimerViewController.m */,
				B25B6D6A1C16150000B3CCF7 /* SCWelcomeViewController.h */,
				B25B6D6B1C16150000B3CCF7 /* SCWelcomeViewController.m */,
			);
			path = ViewControllers;
			sourceTree = "<group>";
		};
		B2AC521D1C1613080076AC63 /* Cells */ = {
			isa = PBXGroup;
			children = (
				B2E5D4641BB027C10003E76E /* SCCornerCollectionViewCell.h */,
				B2E5D4651BB027C10003E76E /* SCCornerCollectionViewCell.m */,
				B25F96171C5809BE0066E89E /* SCPrimerCollectionViewCell.h */,
				B25F96181C5809BE0066E89E /* SCPrimerCollectionViewCell.m */,
			);
			path = Cells;
			sourceTree = "<group>";
		};
		B2E5D4251BB00D510003E76E = {
			isa = PBXGroup;
			children = (
				B2E5D4301BB00D510003E76E /* StickyCollectionView */,
				B2E5D42F1BB00D510003E76E /* Products */,
			);
			sourceTree = "<group>";
		};
		B2E5D42F1BB00D510003E76E /* Products */ = {
			isa = PBXGroup;
			children = (
				B2E5D42E1BB00D510003E76E /* StickyCollectionView.app */,
			);
			name = Products;
			sourceTree = "<group>";
		};
		B2E5D4301BB00D510003E76E /* StickyCollectionView */ = {
			isa = PBXGroup;
			children = (
				B2E5D4581BB00D950003E76E /* App */,
				B2E5D4591BB00DD10003E76E /* Demo */,
				B2E5D4571BB00D850003E76E /* Source */,
				B2E5D4311BB00D510003E76E /* Supporting Files */,
			);
			name = StickyCollectionView;
			path = StickCollectionView;
			sourceTree = "<group>";
		};
		B2E5D4311BB00D510003E76E /* Supporting Files */ = {
			isa = PBXGroup;
			children = (
				B245D4AC1C5810E4008CC42B /* Images.xcassets */,
				B2E5D43B1BB00D510003E76E /* Main.storyboard */,
				B2E5D4401BB00D510003E76E /* LaunchScreen.xib */,
				B2E5D4321BB00D510003E76E /* Info.plist */,
				B2E5D4331BB00D510003E76E /* main.m */,
			);
			name = "Supporting Files";
			sourceTree = "<group>";
		};
		B2E5D4571BB00D850003E76E /* Source */ = {
			isa = PBXGroup;
			children = (
				B2E5D4601BB00F1F0003E76E /* StickCollectionViewFlowLayout.h */,
				B2E5D4611BB00F1F0003E76E /* StickCollectionViewFlowLayout.m */,
			);
			path = Source;
			sourceTree = "<group>";
		};
		B2E5D4581BB00D950003E76E /* App */ = {
			isa = PBXGroup;
			children = (
				B2E5D4351BB00D510003E76E /* AppDelegate.h */,
				B2E5D4361BB00D510003E76E /* AppDelegate.m */,
			);
			path = App;
			sourceTree = "<group>";
		};
		B2E5D4591BB00DD10003E76E /* Demo */ = {
			isa = PBXGroup;
			children = (
				B25B6D6D1C176AE300B3CCF7 /* Helpers */,
				B2AC521C1C1612800076AC63 /* ViewControllers */,
				B2AC521B1C16125D0076AC63 /* Views */,
			);
			path = Demo;
			sourceTree = "<group>";
		};
/* End PBXGroup section */

/* Begin PBXNativeTarget section */
		B2E5D42D1BB00D510003E76E /* StickyCollectionView */ = {
			isa = PBXNativeTarget;
			buildConfigurationList = B2E5D4511BB00D510003E76E /* Build configuration list for PBXNativeTarget "StickyCollectionView" */;
			buildPhases = (
				B2E5D42A1BB00D510003E76E /* Sources */,
				B2E5D42B1BB00D510003E76E /* Frameworks */,
				B2E5D42C1BB00D510003E76E /* Resources */,
			);
			buildRules = (
			);
			dependencies = (
			);
			name = StickyCollectionView;
			productName = StickCollectionView;
			productReference = B2E5D42E1BB00D510003E76E /* StickyCollectionView.app */;
			productType = "com.apple.product-type.application";
		};
/* End PBXNativeTarget section */

/* Begin PBXProject section */
		B2E5D4261BB00D510003E76E /* Project object */ = {
			isa = PBXProject;
			attributes = {
				LastUpgradeCheck = 0640;
				ORGANIZATIONNAME = "Bogdan Matveev";
				TargetAttributes = {
					B2E5D42D1BB00D510003E76E = {
						CreatedOnToolsVersion = 6.4;
					};
				};
			};
			buildConfigurationList = B2E5D4291BB00D510003E76E /* Build configuration list for PBXProject "StickyCollectionView" */;
			compatibilityVersion = "Xcode 3.2";
			developmentRegion = English;
			hasScannedForEncodings = 0;
			knownRegions = (
				en,
				Base,
			);
			mainGroup = B2E5D4251BB00D510003E76E;
			productRefGroup = B2E5D42F1BB00D510003E76E /* Products */;
			projectDirPath = "";
			projectRoot = "";
			targets = (
				B2E5D42D1BB00D510003E76E /* StickyCollectionView */,
			);
		};
/* End PBXProject section */

/* Begin PBXResourcesBuildPhase section */
		B2E5D42C1BB00D510003E76E /* Resources */ = {
			isa = PBXResourcesBuildPhase;
			buildActionMask = 2147483647;
			files = (
				B245D4AD1C5810E4008CC42B /* Images.xcassets in Resources */,
				B2E5D43D1BB00D510003E76E /* Main.storyboard in Resources */,
				B2E5D4421BB00D510003E76E /* LaunchScreen.xib in Resources */,
			);
			runOnlyForDeploymentPostprocessing = 0;
		};
/* End PBXResourcesBuildPhase section */

/* Begin PBXSourcesBuildPhase section */
		B2E5D42A1BB00D510003E76E /* Sources */ = {
			isa = PBXSourcesBuildPhase;
			buildActionMask = 2147483647;
			files = (
				B2E5D4371BB00D510003E76E /* AppDelegate.m in Sources */,
				B2E5D4341BB00D510003E76E /* main.m in Sources */,
				B2E5D4621BB00F1F0003E76E /* StickCollectionViewFlowLayout.m in Sources */,
				B2E5D4661BB027C10003E76E /* SCCornerCollectionViewCell.m in Sources */,
				B25B6D691C16143F00B3CCF7 /* SCCustomizableButton.m in Sources */,
				B25F96191C5809BE0066E89E /* SCPrimerCollectionViewCell.m in Sources */,
				B25F96161C5809B50066E89E /* SCPrimerViewController.m in Sources */,
				B25B6D731C176B4100B3CCF7 /* UIColor+Hex.m in Sources */,
				B2E5D45F1BB00E5F0003E76E /* SCCornerViewController.m in Sources */,
				B25B6D6C1C16150000B3CCF7 /* SCWelcomeViewController.m in Sources */,
			);
			runOnlyForDeploymentPostprocessing = 0;
		};
/* End PBXSourcesBuildPhase section */

/* Begin PBXVariantGroup section */
		B2E5D43B1BB00D510003E76E /* Main.storyboard */ = {
			isa = PBXVariantGroup;
			children = (
				B2E5D43C1BB00D510003E76E /* Base */,
			);
			name = Main.storyboard;
			sourceTree = "<group>";
		};
		B2E5D4401BB00D510003E76E /* LaunchScreen.xib */ = {
			isa = PBXVariantGroup;
			children = (
				B2E5D4411BB00D510003E76E /* Base */,
			);
			name = LaunchScreen.xib;
			sourceTree = "<group>";
		};
/* End PBXVariantGroup section */

/* Begin XCBuildConfiguration section */
		B2E5D44F1BB00D510003E76E /* Debug */ = {
			isa = XCBuildConfiguration;
			buildSettings = {
				ALWAYS_SEARCH_USER_PATHS = NO;
				CLANG_CXX_LANGUAGE_STANDARD = "gnu++0x";
				CLANG_CXX_LIBRARY = "libc++";
				CLANG_ENABLE_MODULES = YES;
				CLANG_ENABLE_OBJC_ARC = YES;
				CLANG_WARN_BOOL_CONVERSION = YES;
				CLANG_WARN_CONSTANT_CONVERSION = YES;
				CLANG_WARN_DIRECT_OBJC_ISA_USAGE = YES_ERROR;
				CLANG_WARN_EMPTY_BODY = YES;
				CLANG_WARN_ENUM_CONVERSION = YES;
				CLANG_WARN_INT_CONVERSION = YES;
				CLANG_WARN_OBJC_ROOT_CLASS = YES_ERROR;
				CLANG_WARN_UNREACHABLE_CODE = YES;
				CLANG_WARN__DUPLICATE_METHOD_MATCH = YES;
				"CODE_SIGN_IDENTITY[sdk=iphoneos*]" = "iPhone Developer";
				COPY_PHASE_STRIP = NO;
				DEBUG_INFORMATION_FORMAT = "dwarf-with-dsym";
				ENABLE_STRICT_OBJC_MSGSEND = YES;
				GCC_C_LANGUAGE_STANDARD = gnu99;
				GCC_DYNAMIC_NO_PIC = NO;
				GCC_NO_COMMON_BLOCKS = YES;
				GCC_OPTIMIZATION_LEVEL = 0;
				GCC_PREPROCESSOR_DEFINITIONS = (
					"DEBUG=1",
					"$(inherited)",
				);
				GCC_SYMBOLS_PRIVATE_EXTERN = NO;
				GCC_WARN_64_TO_32_BIT_CONVERSION = YES;
				GCC_WARN_ABOUT_RETURN_TYPE = YES_ERROR;
				GCC_WARN_UNDECLARED_SELECTOR = YES;
				GCC_WARN_UNINITIALIZED_AUTOS = YES_AGGRESSIVE;
				GCC_WARN_UNUSED_FUNCTION = YES;
				GCC_WARN_UNUSED_VARIABLE = YES;
				IPHONEOS_DEPLOYMENT_TARGET = 8.4;
				MTL_ENABLE_DEBUG_INFO = YES;
				ONLY_ACTIVE_ARCH = YES;
				SDKROOT = iphoneos;
			};
			name = Debug;
		};
		B2E5D4501BB00D510003E76E /* Release */ = {
			isa = XCBuildConfiguration;
			buildSettings = {
				ALWAYS_SEARCH_USER_PATHS = NO;
				CLANG_CXX_LANGUAGE_STANDARD = "gnu++0x";
				CLANG_CXX_LIBRARY = "libc++";
				CLANG_ENABLE_MODULES = YES;
				CLANG_ENABLE_OBJC_ARC = YES;
				CLANG_WARN_BOOL_CONVERSION = YES;
				CLANG_WARN_CONSTANT_CONVERSION = YES;
				CLANG_WARN_DIRECT_OBJC_ISA_USAGE = YES_ERROR;
				CLANG_WARN_EMPTY_BODY = YES;
				CLANG_WARN_ENUM_CONVERSION = YES;
				CLANG_WARN_INT_CONVERSION = YES;
				CLANG_WARN_OBJC_ROOT_CLASS = YES_ERROR;
				CLANG_WARN_UNREACHABLE_CODE = YES;
				CLANG_WARN__DUPLICATE_METHOD_MATCH = YES;
				"CODE_SIGN_IDENTITY[sdk=iphoneos*]" = "iPhone Developer";
				COPY_PHASE_STRIP = NO;
				DEBUG_INFORMATION_FORMAT = "dwarf-with-dsym";
				ENABLE_NS_ASSERTIONS = NO;
				ENABLE_STRICT_OBJC_MSGSEND = YES;
				GCC_C_LANGUAGE_STANDARD = gnu99;
				GCC_NO_COMMON_BLOCKS = YES;
				GCC_WARN_64_TO_32_BIT_CONVERSION = YES;
				GCC_WARN_ABOUT_RETURN_TYPE = YES_ERROR;
				GCC_WARN_UNDECLARED_SELECTOR = YES;
				GCC_WARN_UNINITIALIZED_AUTOS = YES_AGGRESSIVE;
				GCC_WARN_UNUSED_FUNCTION = YES;
				GCC_WARN_UNUSED_VARIABLE = YES;
				IPHONEOS_DEPLOYMENT_TARGET = 8.4;
				MTL_ENABLE_DEBUG_INFO = NO;
				SDKROOT = iphoneos;
				VALIDATE_PRODUCT = YES;
			};
			name = Release;
		};
		B2E5D4521BB00D510003E76E /* Debug */ = {
			isa = XCBuildConfiguration;
			buildSettings = {
				ASSETCATALOG_COMPILER_APPICON_NAME = AppIcon;
				INFOPLIST_FILE = StickCollectionView/Info.plist;
				LD_RUNPATH_SEARCH_PATHS = "$(inherited) @executable_path/Frameworks";
				PRODUCT_NAME = StickyCollectionView;
			};
			name = Debug;
		};
		B2E5D4531BB00D510003E76E /* Release */ = {
			isa = XCBuildConfiguration;
			buildSettings = {
				ASSETCATALOG_COMPILER_APPICON_NAME = AppIcon;
				INFOPLIST_FILE = StickCollectionView/Info.plist;
				LD_RUNPATH_SEARCH_PATHS = "$(inherited) @executable_path/Frameworks";
				PRODUCT_NAME = StickyCollectionView;
			};
			name = Release;
		};
/* End XCBuildConfiguration section */

/* Begin XCConfigurationList section */
		B2E5D4291BB00D510003E76E /* Build configuration list for PBXProject "StickyCollectionView" */ = {
			isa = XCConfigurationList;
			buildConfigurations = (
				B2E5D44F1BB00D510003E76E /* Debug */,
				B2E5D4501BB00D510003E76E /* Release */,
			);
			defaultConfigurationIsVisible = 0;
			defaultConfigurationName = Release;
		};
		B2E5D4511BB00D510003E76E /* Build configuration list for PBXNativeTarget "StickyCollectionView" */ = {
			isa = XCConfigurationList;
			buildConfigurations = (
				B2E5D4521BB00D510003E76E /* Debug */,
				B2E5D4531BB00D510003E76E /* Release */,
			);
			defaultConfigurationIsVisible = 0;
			defaultConfigurationName = Release;
		};
/* End XCConfigurationList section */
	};
	rootObject = B2E5D4261BB00D510003E76E /* Project object */;
}
